// !$*UTF8*$!
{
	archiveVersion = 1;
	classes = {
	};
	objectVersion = 50;
	objects = {

/* Begin PBXBuildFile section */
		C6D3C1D0244CBCB500CF4137 /* AppDelegate.swift in Sources */ = {isa = PBXBuildFile; fileRef = C6D3C1CF244CBCB500CF4137 /* AppDelegate.swift */; };
		C6D3C1D2244CBCB500CF4137 /* SceneDelegate.swift in Sources */ = {isa = PBXBuildFile; fileRef = C6D3C1D1244CBCB500CF4137 /* SceneDelegate.swift */; };
		C6D3C1D4244CBCB500CF4137 /* ViewController.swift in Sources */ = {isa = PBXBuildFile; fileRef = C6D3C1D3244CBCB500CF4137 /* ViewController.swift */; };
		C6D3C1D7244CBCB500CF4137 /* Main.storyboard in Resources */ = {isa = PBXBuildFile; fileRef = C6D3C1D5244CBCB500CF4137 /* Main.storyboard */; };
		C6D3C1D9244CBCBC00CF4137 /* Assets.xcassets in Resources */ = {isa = PBXBuildFile; fileRef = C6D3C1D8244CBCBC00CF4137 /* Assets.xcassets */; };
		C6D3C1DC244CBCBC00CF4137 /* LaunchScreen.storyboard in Resources */ = {isa = PBXBuildFile; fileRef = C6D3C1DA244CBCBC00CF4137 /* LaunchScreen.storyboard */; };
		C6D3C1E7244CBCBD00CF4137 /* iOS_FirebaseSampleTests.swift in Sources */ = {isa = PBXBuildFile; fileRef = C6D3C1E6244CBCBD00CF4137 /* iOS_FirebaseSampleTests.swift */; };
		C6D3C1F2244CBCBD00CF4137 /* iOS_FirebaseSampleUITests.swift in Sources */ = {isa = PBXBuildFile; fileRef = C6D3C1F1244CBCBD00CF4137 /* iOS_FirebaseSampleUITests.swift */; };
/* End PBXBuildFile section */

/* Begin PBXContainerItemProxy section */
		C6D3C1E3244CBCBD00CF4137 /* PBXContainerItemProxy */ = {
			isa = PBXContainerItemProxy;
			containerPortal = C6D3C1C4244CBCB400CF4137 /* Project object */;
			proxyType = 1;
			remoteGlobalIDString = C6D3C1CB244CBCB500CF4137;
			remoteInfo = "iOS-FirebaseSample";
		};
		C6D3C1EE244CBCBD00CF4137 /* PBXContainerItemProxy */ = {
			isa = PBXContainerItemProxy;
			containerPortal = C6D3C1C4244CBCB400CF4137 /* Project object */;
			proxyType = 1;
			remoteGlobalIDString = C6D3C1CB244CBCB500CF4137;
			remoteInfo = "iOS-FirebaseSample";
		};
/* End PBXContainerItemProxy section */

/* Begin PBXFileReference section */
		C6D3C1CC244CBCB500CF4137 /* iOS-FirebaseSample.app */ = {isa = PBXFileReference; explicitFileType = wrapper.application; includeInIndex = 0; path = "iOS-FirebaseSample.app"; sourceTree = BUILT_PRODUCTS_DIR; };
		C6D3C1CF244CBCB500CF4137 /* AppDelegate.swift */ = {isa = PBXFileReference; lastKnownFileType = sourcecode.swift; path = AppDelegate.swift; sourceTree = "<group>"; };
		C6D3C1D1244CBCB500CF4137 /* SceneDelegate.swift */ = {isa = PBXFileReference; lastKnownFileType = sourcecode.swift; path = SceneDelegate.swift; sourceTree = "<group>"; };
		C6D3C1D3244CBCB500CF4137 /* ViewController.swift */ = {isa = PBXFileReference; lastKnownFileType = sourcecode.swift; path = ViewController.swift; sourceTree = "<group>"; };
		C6D3C1D6244CBCB500CF4137 /* Base */ = {isa = PBXFileReference; lastKnownFileType = file.storyboard; name = Base; path = Base.lproj/Main.storyboard; sourceTree = "<group>"; };
		C6D3C1D8244CBCBC00CF4137 /* Assets.xcassets */ = {isa = PBXFileReference; lastKnownFileType = folder.assetcatalog; path = Assets.xcassets; sourceTree = "<group>"; };
		C6D3C1DB244CBCBC00CF4137 /* Base */ = {isa = PBXFileReference; lastKnownFileType = file.storyboard; name = Base; path = Base.lproj/LaunchScreen.storyboard; sourceTree = "<group>"; };
		C6D3C1DD244CBCBC00CF4137 /* Info.plist */ = {isa = PBXFileReference; lastKnownFileType = text.plist.xml; path = Info.plist; sourceTree = "<group>"; };
		C6D3C1E2244CBCBD00CF4137 /* iOS-FirebaseSampleTests.xctest */ = {isa = PBXFileReference; explicitFileType = wrapper.cfbundle; includeInIndex = 0; path = "iOS-FirebaseSampleTests.xctest"; sourceTree = BUILT_PRODUCTS_DIR; };
		C6D3C1E6244CBCBD00CF4137 /* iOS_FirebaseSampleTests.swift */ = {isa = PBXFileReference; lastKnownFileType = sourcecode.swift; path = iOS_FirebaseSampleTests.swift; sourceTree = "<group>"; };
		C6D3C1E8244CBCBD00CF4137 /* Info.plist */ = {isa = PBXFileReference; lastKnownFileType = text.plist.xml; path = Info.plist; sourceTree = "<group>"; };
		C6D3C1ED244CBCBD00CF4137 /* iOS-FirebaseSampleUITests.xctest */ = {isa = PBXFileReference; explicitFileType = wrapper.cfbundle; includeInIndex = 0; path = "iOS-FirebaseSampleUITests.xctest"; sourceTree = BUILT_PRODUCTS_DIR; };
		C6D3C1F1244CBCBD00CF4137 /* iOS_FirebaseSampleUITests.swift */ = {isa = PBXFileReference; lastKnownFileType = sourcecode.swift; path = iOS_FirebaseSampleUITests.swift; sourceTree = "<group>"; };
		C6D3C1F3244CBCBD00CF4137 /* Info.plist */ = {isa = PBXFileReference; lastKnownFileType = text.plist.xml; path = Info.plist; sourceTree = "<group>"; };
/* End PBXFileReference section */

/* Begin PBXFrameworksBuildPhase section */
		C6D3C1C9244CBCB500CF4137 /* Frameworks */ = {
			isa = PBXFrameworksBuildPhase;
			buildActionMask = 2147483647;
			files = (
			);
			runOnlyForDeploymentPostprocessing = 0;
		};
		C6D3C1DF244CBCBD00CF4137 /* Frameworks */ = {
			isa = PBXFrameworksBuildPhase;
			buildActionMask = 2147483647;
			files = (
			);
			runOnlyForDeploymentPostprocessing = 0;
		};
		C6D3C1EA244CBCBD00CF4137 /* Frameworks */ = {
			isa = PBXFrameworksBuildPhase;
			buildActionMask = 2147483647;
			files = (
			);
			runOnlyForDeploymentPostprocessing = 0;
		};
/* End PBXFrameworksBuildPhase section */

/* Begin PBXGroup section */
		C6D3C1C3244CBCB400CF4137 = {
			isa = PBXGroup;
			children = (
				C6D3C1CE244CBCB500CF4137 /* iOS-FirebaseSample */,
				C6D3C1E5244CBCBD00CF4137 /* iOS-FirebaseSampleTests */,
				C6D3C1F0244CBCBD00CF4137 /* iOS-FirebaseSampleUITests */,
				C6D3C1CD244CBCB500CF4137 /* Products */,
			);
			sourceTree = "<group>";
		};
		C6D3C1CD244CBCB500CF4137 /* Products */ = {
			isa = PBXGroup;
			children = (
				C6D3C1CC244CBCB500CF4137 /* iOS-FirebaseSample.app */,
				C6D3C1E2244CBCBD00CF4137 /* iOS-FirebaseSampleTests.xctest */,
				C6D3C1ED244CBCBD00CF4137 /* iOS-FirebaseSampleUITests.xctest */,
			);
			name = Products;
			sourceTree = "<group>";
		};
		C6D3C1CE244CBCB500CF4137 /* iOS-FirebaseSample */ = {
			isa = PBXGroup;
			children = (
				C6D3C1CF244CBCB500CF4137 /* AppDelegate.swift */,
				C6D3C1D1244CBCB500CF4137 /* SceneDelegate.swift */,
				C6D3C1D3244CBCB500CF4137 /* ViewController.swift */,
				C6D3C1D5244CBCB500CF4137 /* Main.storyboard */,
				C6D3C1D8244CBCBC00CF4137 /* Assets.xcassets */,
				C6D3C1DA244CBCBC00CF4137 /* LaunchScreen.storyboard */,
				C6D3C1DD244CBCBC00CF4137 /* Info.plist */,
			);
			path = "iOS-FirebaseSample";
			sourceTree = "<group>";
		};
		C6D3C1E5244CBCBD00CF4137 /* iOS-FirebaseSampleTests */ = {
			isa = PBXGroup;
			children = (
				C6D3C1E6244CBCBD00CF4137 /* iOS_FirebaseSampleTests.swift */,
				C6D3C1E8244CBCBD00CF4137 /* Info.plist */,
			);
			path = "iOS-FirebaseSampleTests";
			sourceTree = "<group>";
		};
		C6D3C1F0244CBCBD00CF4137 /* iOS-FirebaseSampleUITests */ = {
			isa = PBXGroup;
			children = (
				C6D3C1F1244CBCBD00CF4137 /* iOS_FirebaseSampleUITests.swift */,
				C6D3C1F3244CBCBD00CF4137 /* Info.plist */,
			);
			path = "iOS-FirebaseSampleUITests";
			sourceTree = "<group>";
		};
/* End PBXGroup section */

/* Begin PBXNativeTarget section */
		C6D3C1CB244CBCB500CF4137 /* iOS-FirebaseSample */ = {
			isa = PBXNativeTarget;
			buildConfigurationList = C6D3C1F6244CBCBD00CF4137 /* Build configuration list for PBXNativeTarget "iOS-FirebaseSample" */;
			buildPhases = (
				C6D3C1C8244CBCB500CF4137 /* Sources */,
				C6D3C1C9244CBCB500CF4137 /* Frameworks */,
				C6D3C1CA244CBCB500CF4137 /* Resources */,
			);
			buildRules = (
			);
			dependencies = (
			);
			name = "iOS-FirebaseSample";
			productName = "iOS-FirebaseSample";
			productReference = C6D3C1CC244CBCB500CF4137 /* iOS-FirebaseSample.app */;
			productType = "com.apple.product-type.application";
		};
		C6D3C1E1244CBCBD00CF4137 /* iOS-FirebaseSampleTests */ = {
			isa = PBXNativeTarget;
			buildConfigurationList = C6D3C1F9244CBCBD00CF4137 /* Build configuration list for PBXNativeTarget "iOS-FirebaseSampleTests" */;
			buildPhases = (
				C6D3C1DE244CBCBD00CF4137 /* Sources */,
				C6D3C1DF244CBCBD00CF4137 /* Frameworks */,
				C6D3C1E0244CBCBD00CF4137 /* Resources */,
			);
			buildRules = (
			);
			dependencies = (
				C6D3C1E4244CBCBD00CF4137 /* PBXTargetDependency */,
			);
			name = "iOS-FirebaseSampleTests";
			productName = "iOS-FirebaseSampleTests";
			productReference = C6D3C1E2244CBCBD00CF4137 /* iOS-FirebaseSampleTests.xctest */;
			productType = "com.apple.product-type.bundle.unit-test";
		};
		C6D3C1EC244CBCBD00CF4137 /* iOS-FirebaseSampleUITests */ = {
			isa = PBXNativeTarget;
			buildConfigurationList = C6D3C1FC244CBCBD00CF4137 /* Build configuration list for PBXNativeTarget "iOS-FirebaseSampleUITests" */;
			buildPhases = (
				C6D3C1E9244CBCBD00CF4137 /* Sources */,
				C6D3C1EA244CBCBD00CF4137 /* Frameworks */,
				C6D3C1EB244CBCBD00CF4137 /* Resources */,
			);
			buildRules = (
			);
			dependencies = (
				C6D3C1EF244CBCBD00CF4137 /* PBXTargetDependency */,
			);
			name = "iOS-FirebaseSampleUITests";
			productName = "iOS-FirebaseSampleUITests";
			productReference = C6D3C1ED244CBCBD00CF4137 /* iOS-FirebaseSampleUITests.xctest */;
			productType = "com.apple.product-type.bundle.ui-testing";
		};
/* End PBXNativeTarget section */

/* Begin PBXProject section */
		C6D3C1C4244CBCB400CF4137 /* Project object */ = {
			isa = PBXProject;
			attributes = {
				LastSwiftUpdateCheck = 1120;
				LastUpgradeCheck = 1120;
				ORGANIZATIONNAME = "Yasutaka Iwamoto";
				TargetAttributes = {
					C6D3C1CB244CBCB500CF4137 = {
						CreatedOnToolsVersion = 11.2;
					};
					C6D3C1E1244CBCBD00CF4137 = {
						CreatedOnToolsVersion = 11.2;
						TestTargetID = C6D3C1CB244CBCB500CF4137;
					};
					C6D3C1EC244CBCBD00CF4137 = {
						CreatedOnToolsVersion = 11.2;
						TestTargetID = C6D3C1CB244CBCB500CF4137;
					};
				};
			};
			buildConfigurationList = C6D3C1C7244CBCB400CF4137 /* Build configuration list for PBXProject "iOS-FirebaseSample" */;
			compatibilityVersion = "Xcode 9.3";
			developmentRegion = en;
			hasScannedForEncodings = 0;
			knownRegions = (
				en,
				Base,
			);
			mainGroup = C6D3C1C3244CBCB400CF4137;
			productRefGroup = C6D3C1CD244CBCB500CF4137 /* Products */;
			projectDirPath = "";
			projectRoot = "";
			targets = (
				C6D3C1CB244CBCB500CF4137 /* iOS-FirebaseSample */,
				C6D3C1E1244CBCBD00CF4137 /* iOS-FirebaseSampleTests */,
				C6D3C1EC244CBCBD00CF4137 /* iOS-FirebaseSampleUITests */,
			);
		};
/* End PBXProject section */

/* Begin PBXResourcesBuildPhase section */
		C6D3C1CA244CBCB500CF4137 /* Resources */ = {
			isa = PBXResourcesBuildPhase;
			buildActionMask = 2147483647;
			files = (
				C6D3C1DC244CBCBC00CF4137 /* LaunchScreen.storyboard in Resources */,
				C6D3C1D9244CBCBC00CF4137 /* Assets.xcassets in Resources */,
				C6D3C1D7244CBCB500CF4137 /* Main.storyboard in Resources */,
			);
			runOnlyForDeploymentPostprocessing = 0;
		};
		C6D3C1E0244CBCBD00CF4137 /* Resources */ = {
			isa = PBXResourcesBuildPhase;
			buildActionMask = 2147483647;
			files = (
			);
			runOnlyForDeploymentPostprocessing = 0;
		};
		C6D3C1EB244CBCBD00CF4137 /* Resources */ = {
			isa = PBXResourcesBuildPhase;
			buildActionMask = 2147483647;
			files = (
			);
			runOnlyForDeploymentPostprocessing = 0;
		};
/* End PBXResourcesBuildPhase section */

/* Begin PBXSourcesBuildPhase section */
		C6D3C1C8244CBCB500CF4137 /* Sources */ = {
			isa = PBXSourcesBuildPhase;
			buildActionMask = 2147483647;
			files = (
				C6D3C1D4244CBCB500CF4137 /* ViewController.swift in Sources */,
				C6D3C1D0244CBCB500CF4137 /* AppDelegate.swift in Sources */,
				C6D3C1D2244CBCB500CF4137 /* SceneDelegate.swift in Sources */,
			);
			runOnlyForDeploymentPostprocessing = 0;
		};
		C6D3C1DE244CBCBD00CF4137 /* Sources */ = {
			isa = PBXSourcesBuildPhase;
			buildActionMask = 2147483647;
			files = (
				C6D3C1E7244CBCBD00CF4137 /* iOS_FirebaseSampleTests.swift in Sources */,
			);
			runOnlyForDeploymentPostprocessing = 0;
		};
		C6D3C1E9244CBCBD00CF4137 /* Sources */ = {
			isa = PBXSourcesBuildPhase;
			buildActionMask = 2147483647;
			files = (
				C6D3C1F2244CBCBD00CF4137 /* iOS_FirebaseSampleUITests.swift in Sources */,
			);
			runOnlyForDeploymentPostprocessing = 0;
		};
/* End PBXSourcesBuildPhase section */

/* Begin PBXTargetDependency section */
		C6D3C1E4244CBCBD00CF4137 /* PBXTargetDependency */ = {
			isa = PBXTargetDependency;
			target = C6D3C1CB244CBCB500CF4137 /* iOS-FirebaseSample */;
			targetProxy = C6D3C1E3244CBCBD00CF4137 /* PBXContainerItemProxy */;
		};
		C6D3C1EF244CBCBD00CF4137 /* PBXTargetDependency */ = {
			isa = PBXTargetDependency;
			target = C6D3C1CB244CBCB500CF4137 /* iOS-FirebaseSample */;
			targetProxy = C6D3C1EE244CBCBD00CF4137 /* PBXContainerItemProxy */;
		};
/* End PBXTargetDependency section */

/* Begin PBXVariantGroup section */
		C6D3C1D5244CBCB500CF4137 /* Main.storyboard */ = {
			isa = PBXVariantGroup;
			children = (
				C6D3C1D6244CBCB500CF4137 /* Base */,
			);
			name = Main.storyboard;
			sourceTree = "<group>";
		};
		C6D3C1DA244CBCBC00CF4137 /* LaunchScreen.storyboard */ = {
			isa = PBXVariantGroup;
			children = (
				C6D3C1DB244CBCBC00CF4137 /* Base */,
			);
			name = LaunchScreen.storyboard;
			sourceTree = "<group>";
		};
/* End PBXVariantGroup section */

/* Begin XCBuildConfiguration section */
		C6D3C1F4244CBCBD00CF4137 /* Debug */ = {
			isa = XCBuildConfiguration;
			buildSettings = {
				ALWAYS_SEARCH_USER_PATHS = NO;
				CLANG_ANALYZER_NONNULL = YES;
				CLANG_ANALYZER_NUMBER_OBJECT_CONVERSION = YES_AGGRESSIVE;
				CLANG_CXX_LANGUAGE_STANDARD = "gnu++14";
				CLANG_CXX_LIBRARY = "libc++";
				CLANG_ENABLE_MODULES = YES;
				CLANG_ENABLE_OBJC_ARC = YES;
				CLANG_ENABLE_OBJC_WEAK = YES;
				CLANG_WARN_BLOCK_CAPTURE_AUTORELEASING = YES;
				CLANG_WARN_BOOL_CONVERSION = YES;
				CLANG_WARN_COMMA = YES;
				CLANG_WARN_CONSTANT_CONVERSION = YES;
				CLANG_WARN_DEPRECATED_OBJC_IMPLEMENTATIONS = YES;
				CLANG_WARN_DIRECT_OBJC_ISA_USAGE = YES_ERROR;
				CLANG_WARN_DOCUMENTATION_COMMENTS = YES;
				CLANG_WARN_EMPTY_BODY = YES;
				CLANG_WARN_ENUM_CONVERSION = YES;
				CLANG_WARN_INFINITE_RECURSION = YES;
				CLANG_WARN_INT_CONVERSION = YES;
				CLANG_WARN_NON_LITERAL_NULL_CONVERSION = YES;
				CLANG_WARN_OBJC_IMPLICIT_RETAIN_SELF = YES;
				CLANG_WARN_OBJC_LITERAL_CONVERSION = YES;
				CLANG_WARN_OBJC_ROOT_CLASS = YES_ERROR;
				CLANG_WARN_RANGE_LOOP_ANALYSIS = YES;
				CLANG_WARN_STRICT_PROTOTYPES = YES;
				CLANG_WARN_SUSPICIOUS_MOVE = YES;
				CLANG_WARN_UNGUARDED_AVAILABILITY = YES_AGGRESSIVE;
				CLANG_WARN_UNREACHABLE_CODE = YES;
				CLANG_WARN__DUPLICATE_METHOD_MATCH = YES;
				COPY_PHASE_STRIP = NO;
				DEBUG_INFORMATION_FORMAT = dwarf;
				ENABLE_STRICT_OBJC_MSGSEND = YES;
				ENABLE_TESTABILITY = YES;
				GCC_C_LANGUAGE_STANDARD = gnu11;
				GCC_DYNAMIC_NO_PIC = NO;
				GCC_NO_COMMON_BLOCKS = YES;
				GCC_OPTIMIZATION_LEVEL = 0;
				GCC_PREPROCESSOR_DEFINITIONS = (
					"DEBUG=1",
					"$(inherited)",
				);
				GCC_WARN_64_TO_32_BIT_CONVERSION = YES;
				GCC_WARN_ABOUT_RETURN_TYPE = YES_ERROR;
				GCC_WARN_UNDECLARED_SELECTOR = YES;
				GCC_WARN_UNINITIALIZED_AUTOS = YES_AGGRESSIVE;
				GCC_WARN_UNUSED_FUNCTION = YES;
				GCC_WARN_UNUSED_VARIABLE = YES;
				IPHONEOS_DEPLOYMENT_TARGET = 13.2;
				MTL_ENABLE_DEBUG_INFO = INCLUDE_SOURCE;
				MTL_FAST_MATH = YES;
				ONLY_ACTIVE_ARCH = YES;
				SDKROOT = iphoneos;
				SWIFT_ACTIVE_COMPILATION_CONDITIONS = DEBUG;
				SWIFT_OPTIMIZATION_LEVEL = "-Onone";
			};
			name = Debug;
		};
		C6D3C1F5244CBCBD00CF4137 /* Release */ = {
			isa = XCBuildConfiguration;
			buildSettings = {
				ALWAYS_SEARCH_USER_PATHS = NO;
				CLANG_ANALYZER_NONNULL = YES;
				CLANG_ANALYZER_NUMBER_OBJECT_CONVERSION = YES_AGGRESSIVE;
				CLANG_CXX_LANGUAGE_STANDARD = "gnu++14";
				CLANG_CXX_LIBRARY = "libc++";
				CLANG_ENABLE_MODULES = YES;
				CLANG_ENABLE_OBJC_ARC = YES;
				CLANG_ENABLE_OBJC_WEAK = YES;
				CLANG_WARN_BLOCK_CAPTURE_AUTORELEASING = YES;
				CLANG_WARN_BOOL_CONVERSION = YES;
				CLANG_WARN_COMMA = YES;
				CLANG_WARN_CONSTANT_CONVERSION = YES;
				CLANG_WARN_DEPRECATED_OBJC_IMPLEMENTATIONS = YES;
				CLANG_WARN_DIRECT_OBJC_ISA_USAGE = YES_ERROR;
				CLANG_WARN_DOCUMENTATION_COMMENTS = YES;
				CLANG_WARN_EMPTY_BODY = YES;
				CLANG_WARN_ENUM_CONVERSION = YES;
				CLANG_WARN_INFINITE_RECURSION = YES;
				CLANG_WARN_INT_CONVERSION = YES;
				CLANG_WARN_NON_LITERAL_NULL_CONVERSION = YES;
				CLANG_WARN_OBJC_IMPLICIT_RETAIN_SELF = YES;
				CLANG_WARN_OBJC_LITERAL_CONVERSION = YES;
				CLANG_WARN_OBJC_ROOT_CLASS = YES_ERROR;
				CLANG_WARN_RANGE_LOOP_ANALYSIS = YES;
				CLANG_WARN_STRICT_PROTOTYPES = YES;
				CLANG_WARN_SUSPICIOUS_MOVE = YES;
				CLANG_WARN_UNGUARDED_AVAILABILITY = YES_AGGRESSIVE;
				CLANG_WARN_UNREACHABLE_CODE = YES;
				CLANG_WARN__DUPLICATE_METHOD_MATCH = YES;
				COPY_PHASE_STRIP = NO;
				DEBUG_INFORMATION_FORMAT = "dwarf-with-dsym";
				ENABLE_NS_ASSERTIONS = NO;
				ENABLE_STRICT_OBJC_MSGSEND = YES;
				GCC_C_LANGUAGE_STANDARD = gnu11;
				GCC_NO_COMMON_BLOCKS = YES;
				GCC_WARN_64_TO_32_BIT_CONVERSION = YES;
				GCC_WARN_ABOUT_RETURN_TYPE = YES_ERROR;
				GCC_WARN_UNDECLARED_SELECTOR = YES;
				GCC_WARN_UNINITIALIZED_AUTOS = YES_AGGRESSIVE;
				GCC_WARN_UNUSED_FUNCTION = YES;
				GCC_WARN_UNUSED_VARIABLE = YES;
				IPHONEOS_DEPLOYMENT_TARGET = 13.2;
				MTL_ENABLE_DEBUG_INFO = NO;
				MTL_FAST_MATH = YES;
				SDKROOT = iphoneos;
				SWIFT_COMPILATION_MODE = wholemodule;
				SWIFT_OPTIMIZATION_LEVEL = "-O";
				VALIDATE_PRODUCT = YES;
			};
			name = Release;
		};
		C6D3C1F7244CBCBD00CF4137 /* Debug */ = {
			isa = XCBuildConfiguration;
			buildSettings = {
				ASSETCATALOG_COMPILER_APPICON_NAME = AppIcon;
				CODE_SIGN_STYLE = Automatic;
				DEVELOPMENT_TEAM = 5WZ3V6P365;
				INFOPLIST_FILE = "iOS-FirebaseSample/Info.plist";
				LD_RUNPATH_SEARCH_PATHS = (
					"$(inherited)",
					"@executable_path/Frameworks",
				);
				PRODUCT_BUNDLE_IDENTIFIER = "com.iwamoto.iOS-FirebaseSample";
				PRODUCT_NAME = "$(TARGET_NAME)";
				SWIFT_VERSION = 5.0;
				TARGETED_DEVICE_FAMILY = "1,2";
			};
			name = Debug;
		};
		C6D3C1F8244CBCBD00CF4137 /* Release */ = {
			isa = XCBuildConfiguration;
			buildSettings = {
				ASSETCATALOG_COMPILER_APPICON_NAME = AppIcon;
				CODE_SIGN_STYLE = Automatic;
				DEVELOPMENT_TEAM = 5WZ3V6P365;
				INFOPLIST_FILE = "iOS-FirebaseSample/Info.plist";
				LD_RUNPATH_SEARCH_PATHS = (
					"$(inherited)",
					"@executable_path/Frameworks",
				);
				PRODUCT_BUNDLE_IDENTIFIER = "com.iwamoto.iOS-FirebaseSample";
				PRODUCT_NAME = "$(TARGET_NAME)";
				SWIFT_VERSION = 5.0;
				TARGETED_DEVICE_FAMILY = "1,2";
			};
			name = Release;
		};
		C6D3C1FA244CBCBD00CF4137 /* Debug */ = {
			isa = XCBuildConfiguration;
			buildSettings = {
				ALWAYS_EMBED_SWIFT_STANDARD_LIBRARIES = YES;
				BUNDLE_LOADER = "$(TEST_HOST)";
				CODE_SIGN_STYLE = Automatic;
				DEVELOPMENT_TEAM = 5WZ3V6P365;
				INFOPLIST_FILE = "iOS-FirebaseSampleTests/Info.plist";
				IPHONEOS_DEPLOYMENT_TARGET = 13.2;
				LD_RUNPATH_SEARCH_PATHS = (
					"$(inherited)",
					"@executable_path/Frameworks",
					"@loader_path/Frameworks",
				);
				PRODUCT_BUNDLE_IDENTIFIER = "com.iwamoto.iOS-FirebaseSampleTests";
				PRODUCT_NAME = "$(TARGET_NAME)";
				SWIFT_VERSION = 5.0;
				TARGETED_DEVICE_FAMILY = "1,2";
				TEST_HOST = "$(BUILT_PRODUCTS_DIR)/iOS-FirebaseSample.app/iOS-FirebaseSample";
			};
			name = Debug;
		};
		C6D3C1FB244CBCBD00CF4137 /* Release */ = {
			isa = XCBuildConfiguration;
			buildSettings = {
				ALWAYS_EMBED_SWIFT_STANDARD_LIBRARIES = YES;
				BUNDLE_LOADER = "$(TEST_HOST)";
				CODE_SIGN_STYLE = Automatic;
				DEVELOPMENT_TEAM = 5WZ3V6P365;
				INFOPLIST_FILE = "iOS-FirebaseSampleTests/Info.plist";
				IPHONEOS_DEPLOYMENT_TARGET = 13.2;
				LD_RUNPATH_SEARCH_PATHS = (
					"$(inherited)",
					"@executable_path/Frameworks",
					"@loader_path/Frameworks",
				);
				PRODUCT_BUNDLE_IDENTIFIER = "com.iwamoto.iOS-FirebaseSampleTests";
				PRODUCT_NAME = "$(TARGET_NAME)";
				SWIFT_VERSION = 5.0;
				TARGETED_DEVICE_FAMILY = "1,2";
				TEST_HOST = "$(BUILT_PRODUCTS_DIR)/iOS-FirebaseSample.app/iOS-FirebaseSample";
			};
			name = Release;
		};
		C6D3C1FD244CBCBD00CF4137 /* Debug */ = {
			isa = XCBuildConfiguration;
			buildSettings = {
				ALWAYS_EMBED_SWIFT_STANDARD_LIBRARIES = YES;
				CODE_SIGN_STYLE = Automatic;
				DEVELOPMENT_TEAM = 5WZ3V6P365;
				INFOPLIST_FILE = "iOS-FirebaseSampleUITests/Info.plist";
				LD_RUNPATH_SEARCH_PATHS = (
					"$(inherited)",
					"@executable_path/Frameworks",
					"@loader_path/Frameworks",
				);
				PRODUCT_BUNDLE_IDENTIFIER = "com.iwamoto.iOS-FirebaseSampleUITests";
				PRODUCT_NAME = "$(TARGET_NAME)";
				SWIFT_VERSION = 5.0;
				TARGETED_DEVICE_FAMILY = "1,2";
				TEST_TARGET_NAME = "iOS-FirebaseSample";
			};
			name = Debug;
		};
		C6D3C1FE244CBCBD00CF4137 /* Release */ = {
			isa = XCBuildConfiguration;
			buildSettings = {
				ALWAYS_EMBED_SWIFT_STANDARD_LIBRARIES = YES;
				CODE_SIGN_STYLE = Automatic;
				DEVELOPMENT_TEAM = 5WZ3V6P365;
				INFOPLIST_FILE = "iOS-FirebaseSampleUITests/Info.plist";
				LD_RUNPATH_SEARCH_PATHS = (
					"$(inherited)",
					"@executable_path/Frameworks",
					"@loader_path/Frameworks",
				);
				PRODUCT_BUNDLE_IDENTIFIER = "com.iwamoto.iOS-FirebaseSampleUITests";
				PRODUCT_NAME = "$(TARGET_NAME)";
				SWIFT_VERSION = 5.0;
				TARGETED_DEVICE_FAMILY = "1,2";
				TEST_TARGET_NAME = "iOS-FirebaseSample";
			};
			name = Release;
		};
/* End XCBuildConfiguration section */

/* Begin XCConfigurationList section */
		C6D3C1C7244CBCB400CF4137 /* Build configuration list for PBXProject "iOS-FirebaseSample" */ = {
			isa = XCConfigurationList;
			buildConfigurations = (
				C6D3C1F4244CBCBD00CF4137 /* Debug */,
				C6D3C1F5244CBCBD00CF4137 /* Release */,
			);
			defaultConfigurationIsVisible = 0;
			defaultConfigurationName = Release;
		};
		C6D3C1F6244CBCBD00CF4137 /* Build configuration list for PBXNativeTarget "iOS-FirebaseSample" */ = {
			isa = XCConfigurationList;
			buildConfigurations = (
				C6D3C1F7244CBCBD00CF4137 /* Debug */,
				C6D3C1F8244CBCBD00CF4137 /* Release */,
			);
			defaultConfigurationIsVisible = 0;
			defaultConfigurationName = Release;
		};
		C6D3C1F9244CBCBD00CF4137 /* Build configuration list for PBXNativeTarget "iOS-FirebaseSampleTests" */ = {
			isa = XCConfigurationList;
			buildConfigurations = (
				C6D3C1FA244CBCBD00CF4137 /* Debug */,
				C6D3C1FB244CBCBD00CF4137 /* Release */,
			);
			defaultConfigurationIsVisible = 0;
			defaultConfigurationName = Release;
		};
		C6D3C1FC244CBCBD00CF4137 /* Build configuration list for PBXNativeTarget "iOS-FirebaseSampleUITests" */ = {
			isa = XCConfigurationList;
			buildConfigurations = (
				C6D3C1FD244CBCBD00CF4137 /* Debug */,
				C6D3C1FE244CBCBD00CF4137 /* Release */,
			);
			defaultConfigurationIsVisible = 0;
			defaultConfigurationName = Release;
		};
/* End XCConfigurationList section */
	};
	rootObject = C6D3C1C4244CBCB400CF4137 /* Project object */;
}
